# This file is automatically @generated by Wally.
# It is not intended for manual editing.
registry = "test"

[[package]]
name = "evaera/cmdr"
version = "1.9.0"
dependencies = []

[[package]]
name = "roblox/roact"
version = "1.4.4"
dependencies = []

[[package]]
name = "vert/tfi"
version = "0.1.0"
dependencies = [["cmdr", "evaera/cmdr@1.9.0"], ["roact", "roblox/roact@1.4.4"]]
